
Microsoft Visual Studio Solution File, Format Version 12.00
# Visual Studio Version 17
VisualStudioVersion = 17.1.32228.430
MinimumVisualStudioVersion = 10.0.40219.1
Project("{9A19103F-16F7-4668-BE54-9A1E7A4F7556}") = "FileHub.Frontend", "FileHub.Frontend\FileHub.Frontend.csproj", "{A7950095-C65A-4866-895E-93C6DCAC60F1}"
EndProject
Project("{9A19103F-16F7-4668-BE54-9A1E7A4F7556}") = "FileHub.Service", "FileHub.Service\FileHub.Service.csproj", "{25756ED0-3120-412D-A9EB-117C80D73837}"
EndProject
Project("{9A19103F-16F7-4668-BE54-9A1E7A4F7556}") = "FileHub.Common", "FileHub.Common\FileHub.Common.csproj", "{BF09C69C-0404-42FA-8BAF-E6E4768B1AC1}"
EndProject
Global
	GlobalSection(SolutionConfigurationPlatforms) = preSolution
		Debug|Any CPU = Debug|Any CPU
		Release|Any CPU = Release|Any CPU
	EndGlobalSection
	GlobalSection(ProjectConfigurationPlatforms) = postSolution
		{A7950095-C65A-4866-895E-93C6DCAC60F1}.Debug|Any CPU.ActiveCfg = Debug|Any CPU
		{A7950095-C65A-4866-895E-93C6DCAC60F1}.Debug|Any CPU.Build.0 = Debug|Any CPU
		{A7950095-C65A-4866-895E-93C6DCAC60F1}.Release|Any CPU.ActiveCfg = Release|Any CPU
		{A7950095-C65A-4866-895E-93C6DCAC60F1}.Release|Any CPU.Build.0 = Release|Any CPU
		{25756ED0-3120-412D-A9EB-117C80D73837}.Debug|Any CPU.ActiveCfg = Debug|Any CPU
		{25756ED0-3120-412D-A9EB-117C80D73837}.Debug|Any CPU.Build.0 = Debug|Any CPU
		{25756ED0-3120-412D-A9EB-117C80D73837}.Release|Any CPU.ActiveCfg = Release|Any CPU
		{25756ED0-3120-412D-A9EB-117C80D73837}.Release|Any CPU.Build.0 = Release|Any CPU
		{BF09C69C-0404-42FA-8BAF-E6E4768B1AC1}.Debug|Any CPU.ActiveCfg = Debug|Any CPU
		{BF09C69C-0404-42FA-8BAF-E6E4768B1AC1}.Debug|Any CPU.Build.0 = Debug|Any CPU
		{BF09C69C-0404-42FA-8BAF-E6E4768B1AC1}.Release|Any CPU.ActiveCfg = Release|Any CPU
		{BF09C69C-0404-42FA-8BAF-E6E4768B1AC1}.Release|Any CPU.Build.0 = Release|Any CPU
	EndGlobalSection
	GlobalSection(SolutionProperties) = preSolution
		HideSolutionNode = FALSE
	EndGlobalSection
	GlobalSection(ExtensibilityGlobals) = postSolution
		SolutionGuid = {045CD592-8E44-40D7-8BE0-8B3889161A00}
	EndGlobalSection
EndGlobal
